// !$*UTF8*$!
{
	archiveVersion = 1;
	classes = {
	};
	objectVersion = 50;
	objects = {

/* Begin PBXBuildFile section */
		2F20B3A522A3947000054053 /* AppDelegate.swift in Sources */ = {isa = PBXBuildFile; fileRef = 2F20B3A422A3947000054053 /* AppDelegate.swift */; };
		2F20B3AF22A3947300054053 /* Assets.xcassets in Resources */ = {isa = PBXBuildFile; fileRef = 2F20B3AE22A3947300054053 /* Assets.xcassets */; };
		2F20B3B222A3947300054053 /* LaunchScreen.storyboard in Resources */ = {isa = PBXBuildFile; fileRef = 2F20B3B022A3947300054053 /* LaunchScreen.storyboard */; };
		2F20B3BA22A39F5100054053 /* HomeViewController.swift in Sources */ = {isa = PBXBuildFile; fileRef = 2F20B3B922A39F5000054053 /* HomeViewController.swift */; };
		2FBF6C2B22CB928F0049AF99 /* MKAudioPlayer.swift in Sources */ = {isa = PBXBuildFile; fileRef = 2FBF6C2A22CB928F0049AF99 /* MKAudioPlayer.swift */; };
		780983ED22BA88EA00A8E851 /* BadgeButton.swift in Sources */ = {isa = PBXBuildFile; fileRef = 780983EB22BA88EA00A8E851 /* BadgeButton.swift */; };
		780983EE22BA88EA00A8E851 /* MKButton.swift in Sources */ = {isa = PBXBuildFile; fileRef = 780983EC22BA88EA00A8E851 /* MKButton.swift */; };
		780983F022BA891500A8E851 /* PaddingLabel.swift in Sources */ = {isa = PBXBuildFile; fileRef = 780983EF22BA891500A8E851 /* PaddingLabel.swift */; };
		780E5EF622A9523300B7AFF5 /* PreviewPageViewController.swift in Sources */ = {isa = PBXBuildFile; fileRef = 780E5EF222A9523200B7AFF5 /* PreviewPageViewController.swift */; };
		780E5EF722A9523300B7AFF5 /* PreviewImageController.swift in Sources */ = {isa = PBXBuildFile; fileRef = 780E5EF322A9523200B7AFF5 /* PreviewImageController.swift */; };
		780E5EF822A9523300B7AFF5 /* PreviewItemController.swift in Sources */ = {isa = PBXBuildFile; fileRef = 780E5EF422A9523300B7AFF5 /* PreviewItemController.swift */; };
		780E5EF922A9523300B7AFF5 /* PreviewAudioController.swift in Sources */ = {isa = PBXBuildFile; fileRef = 780E5EF522A9523300B7AFF5 /* PreviewAudioController.swift */; };
		780E5F0022AA588F00B7AFF5 /* FunctionView.swift in Sources */ = {isa = PBXBuildFile; fileRef = 780E5EFF22AA588F00B7AFF5 /* FunctionView.swift */; };
		784507D822A8DF3F009913D1 /* Helper.swift in Sources */ = {isa = PBXBuildFile; fileRef = 784507D722A8DF3F009913D1 /* Helper.swift */; };
		784507DA22A8E288009913D1 /* ListDetailViewController.swift in Sources */ = {isa = PBXBuildFile; fileRef = 784507D922A8E288009913D1 /* ListDetailViewController.swift */; };
		784507DC22A8E2FD009913D1 /* Extensions.swift in Sources */ = {isa = PBXBuildFile; fileRef = 784507DB22A8E2FD009913D1 /* Extensions.swift */; };
		784507E522A8EBAB009913D1 /* SCSiriWaveformView.m in Sources */ = {isa = PBXBuildFile; fileRef = 784507E422A8EBAB009913D1 /* SCSiriWaveformView.m */; };
		7849C54622B677F30097F147 /* LoadPreviewAttachmentOpeartion.swift in Sources */ = {isa = PBXBuildFile; fileRef = 7849C54522B677F30097F147 /* LoadPreviewAttachmentOpeartion.swift */; };
		784FBA6422A8B71500F1818C /* ListTableCell.swift in Sources */ = {isa = PBXBuildFile; fileRef = 784FBA6322A8B71500F1818C /* ListTableCell.swift */; };
		786B3FFF22C4EFFE0020A5E3 /* HomeCellTitleView.swift in Sources */ = {isa = PBXBuildFile; fileRef = 786B3FFE22C4EFFE0020A5E3 /* HomeCellTitleView.swift */; };
		786B400D22C711620020A5E3 /* HomeCell.swift in Sources */ = {isa = PBXBuildFile; fileRef = 786B400C22C711620020A5E3 /* HomeCell.swift */; };
		786B401122C711A40020A5E3 /* HomeTodoCell.swift in Sources */ = {isa = PBXBuildFile; fileRef = 786B400E22C711A40020A5E3 /* HomeTodoCell.swift */; };
		786B401222C711A40020A5E3 /* HomeVoiceCell.swift in Sources */ = {isa = PBXBuildFile; fileRef = 786B400F22C711A40020A5E3 /* HomeVoiceCell.swift */; };
		786B401322C711A40020A5E3 /* HomeAttachCell.swift in Sources */ = {isa = PBXBuildFile; fileRef = 786B401022C711A40020A5E3 /* HomeAttachCell.swift */; };
		786B401822C711F30020A5E3 /* TodoModel.swift in Sources */ = {isa = PBXBuildFile; fileRef = 786B401422C711F30020A5E3 /* TodoModel.swift */; };
		786B401922C711F30020A5E3 /* AttachModel.swift in Sources */ = {isa = PBXBuildFile; fileRef = 786B401522C711F30020A5E3 /* AttachModel.swift */; };
		786B401A22C711F30020A5E3 /* MemoModel.swift in Sources */ = {isa = PBXBuildFile; fileRef = 786B401622C711F30020A5E3 /* MemoModel.swift */; };
		786B401B22C711F30020A5E3 /* VoiceModel.swift in Sources */ = {isa = PBXBuildFile; fileRef = 786B401722C711F30020A5E3 /* VoiceModel.swift */; };
		786B401D22C7AA0A0020A5E3 /* StatusView.swift in Sources */ = {isa = PBXBuildFile; fileRef = 786B401C22C7AA0A0020A5E3 /* StatusView.swift */; };
		786B401F22C8D31C0020A5E3 /* MKCircleProgress.swift in Sources */ = {isa = PBXBuildFile; fileRef = 786B401E22C8D31C0020A5E3 /* MKCircleProgress.swift */; };
		7887162D22AD443A008BE38A /* CalendarHelper.swift in Sources */ = {isa = PBXBuildFile; fileRef = 7887162C22AD443A008BE38A /* CalendarHelper.swift */; };
		7887163022AD445B008BE38A /* UIHelper.swift in Sources */ = {isa = PBXBuildFile; fileRef = 7887162E22AD445A008BE38A /* UIHelper.swift */; };
		7887163122AD445B008BE38A /* Padding.swift in Sources */ = {isa = PBXBuildFile; fileRef = 7887162F22AD445B008BE38A /* Padding.swift */; };
		7887163322AE5BEC008BE38A /* MemoViewModel.swift in Sources */ = {isa = PBXBuildFile; fileRef = 7887163222AE5BEC008BE38A /* MemoViewModel.swift */; };
		78A7C1EB22A3AA6100ADBFBA /* HeaderView.swift in Sources */ = {isa = PBXBuildFile; fileRef = 78A7C1EA22A3AA6100ADBFBA /* HeaderView.swift */; };
		78A980E822A803EF000E0247 /* AttachmentMemo+CoreDataProperties.swift in Sources */ = {isa = PBXBuildFile; fileRef = 78A980DB22A803EE000E0247 /* AttachmentMemo+CoreDataProperties.swift */; };
		78A980E922A803EF000E0247 /* AttachmentMemo+CoreDataClass.swift in Sources */ = {isa = PBXBuildFile; fileRef = 78A980E622A803EE000E0247 /* AttachmentMemo+CoreDataClass.swift */; };
		78A980EA22A803EF000E0247 /* ListMemo+CoreDataProperties.swift in Sources */ = {isa = PBXBuildFile; fileRef = 78A980D822A803ED000E0247 /* ListMemo+CoreDataProperties.swift */; };
		78A980EB22A803EF000E0247 /* VoiceMemo+CoreDataProperties.swift in Sources */ = {isa = PBXBuildFile; fileRef = 78A980E522A803EE000E0247 /* VoiceMemo+CoreDataProperties.swift */; };
		78A980EC22A803EF000E0247 /* Memo+CoreDataProperties.swift in Sources */ = {isa = PBXBuildFile; fileRef = 78A980E122A803EE000E0247 /* Memo+CoreDataProperties.swift */; };
		78A980EE22A803EF000E0247 /* ListIem+CoreDataClass.swift in Sources */ = {isa = PBXBuildFile; fileRef = 78A980D922A803ED000E0247 /* ListIem+CoreDataClass.swift */; };
		78A980EF22A803EF000E0247 /* ListMemo+CoreDataClass.swift in Sources */ = {isa = PBXBuildFile; fileRef = 78A980E022A803EE000E0247 /* ListMemo+CoreDataClass.swift */; };
		78A980F022A803EF000E0247 /* MemoLabel+CoreDataClass.swift in Sources */ = {isa = PBXBuildFile; fileRef = 78A980DF22A803EE000E0247 /* MemoLabel+CoreDataClass.swift */; };
		78A980F122A803EF000E0247 /* MemoLabel+CoreDataProperties.swift in Sources */ = {isa = PBXBuildFile; fileRef = 78A980DC22A803EE000E0247 /* MemoLabel+CoreDataProperties.swift */; };
		78A980F222A803EF000E0247 /* VoiceMemo+CoreDataClass.swift in Sources */ = {isa = PBXBuildFile; fileRef = 78A980DD22A803EE000E0247 /* VoiceMemo+CoreDataClass.swift */; };
		78A980F322A803EF000E0247 /* ListIem+CoreDataProperties.swift in Sources */ = {isa = PBXBuildFile; fileRef = 78A980DA22A803ED000E0247 /* ListIem+CoreDataProperties.swift */; };
		78A980F422A803EF000E0247 /* Category+CoreDataClass.swift in Sources */ = {isa = PBXBuildFile; fileRef = 78A980DE22A803EE000E0247 /* Category+CoreDataClass.swift */; };
		78A980F522A803EF000E0247 /* Category+CoreDataProperties.swift in Sources */ = {isa = PBXBuildFile; fileRef = 78A980E422A803EE000E0247 /* Category+CoreDataProperties.swift */; };
		78A980F622A803EF000E0247 /* Memo+CoreDataClass.swift in Sources */ = {isa = PBXBuildFile; fileRef = 78A980E722A803EE000E0247 /* Memo+CoreDataClass.swift */; };
		78A980F822A8044A000E0247 /* MemoIt.xcdatamodeld in Sources */ = {isa = PBXBuildFile; fileRef = 78A980E222A803EE000E0247 /* MemoIt.xcdatamodeld */; };
		78A980FB22A804AA000E0247 /* Attachment+CoreDataClass.swift in Sources */ = {isa = PBXBuildFile; fileRef = 78A980F922A804AA000E0247 /* Attachment+CoreDataClass.swift */; };
		78A980FC22A804AA000E0247 /* Attachment+CoreDataProperties.swift in Sources */ = {isa = PBXBuildFile; fileRef = 78A980FA22A804AA000E0247 /* Attachment+CoreDataProperties.swift */; };
		78A980FE22A80507000E0247 /* MemoViewController.swift in Sources */ = {isa = PBXBuildFile; fileRef = 78A980FD22A80507000E0247 /* MemoViewController.swift */; };
		78A9810022A8050E000E0247 /* ListViewController.swift in Sources */ = {isa = PBXBuildFile; fileRef = 78A980FF22A8050E000E0247 /* ListViewController.swift */; };
		78A9810222A80515000E0247 /* VoiceViewController.swift in Sources */ = {isa = PBXBuildFile; fileRef = 78A9810122A80515000E0247 /* VoiceViewController.swift */; };
		78ADC94422AEAF67004295F8 /* LoadMemoOperation.swift in Sources */ = {isa = PBXBuildFile; fileRef = 78ADC94322AEAF67004295F8 /* LoadMemoOperation.swift */; };
/* End PBXBuildFile section */

/* Begin PBXFileReference section */
		2F20B3A122A3947000054053 /* MemoIt.app */ = {isa = PBXFileReference; explicitFileType = wrapper.application; includeInIndex = 0; path = MemoIt.app; sourceTree = BUILT_PRODUCTS_DIR; };
		2F20B3A422A3947000054053 /* AppDelegate.swift */ = {isa = PBXFileReference; lastKnownFileType = sourcecode.swift; path = AppDelegate.swift; sourceTree = "<group>"; };
		2F20B3AE22A3947300054053 /* Assets.xcassets */ = {isa = PBXFileReference; lastKnownFileType = folder.assetcatalog; name = Assets.xcassets; path = ../Assets.xcassets; sourceTree = "<group>"; };
		2F20B3B122A3947300054053 /* Base */ = {isa = PBXFileReference; lastKnownFileType = file.storyboard; name = Base; path = Base.lproj/LaunchScreen.storyboard; sourceTree = "<group>"; };
		2F20B3B322A3947300054053 /* Info.plist */ = {isa = PBXFileReference; lastKnownFileType = text.plist.xml; path = Info.plist; sourceTree = "<group>"; };
		2F20B3B922A39F5000054053 /* HomeViewController.swift */ = {isa = PBXFileReference; lastKnownFileType = sourcecode.swift; path = HomeViewController.swift; sourceTree = "<group>"; };
		2FBF6C2A22CB928F0049AF99 /* MKAudioPlayer.swift */ = {isa = PBXFileReference; fileEncoding = 4; lastKnownFileType = sourcecode.swift; path = MKAudioPlayer.swift; sourceTree = "<group>"; };
		780983EB22BA88EA00A8E851 /* BadgeButton.swift */ = {isa = PBXFileReference; fileEncoding = 4; lastKnownFileType = sourcecode.swift; path = BadgeButton.swift; sourceTree = "<group>"; };
		780983EC22BA88EA00A8E851 /* MKButton.swift */ = {isa = PBXFileReference; fileEncoding = 4; lastKnownFileType = sourcecode.swift; path = MKButton.swift; sourceTree = "<group>"; };
		780983EF22BA891500A8E851 /* PaddingLabel.swift */ = {isa = PBXFileReference; fileEncoding = 4; lastKnownFileType = sourcecode.swift; path = PaddingLabel.swift; sourceTree = "<group>"; };
		780E5EF222A9523200B7AFF5 /* PreviewPageViewController.swift */ = {isa = PBXFileReference; fileEncoding = 4; lastKnownFileType = sourcecode.swift; path = PreviewPageViewController.swift; sourceTree = "<group>"; };
		780E5EF322A9523200B7AFF5 /* PreviewImageController.swift */ = {isa = PBXFileReference; fileEncoding = 4; lastKnownFileType = sourcecode.swift; path = PreviewImageController.swift; sourceTree = "<group>"; };
		780E5EF422A9523300B7AFF5 /* PreviewItemController.swift */ = {isa = PBXFileReference; fileEncoding = 4; lastKnownFileType = sourcecode.swift; path = PreviewItemController.swift; sourceTree = "<group>"; };
		780E5EF522A9523300B7AFF5 /* PreviewAudioController.swift */ = {isa = PBXFileReference; fileEncoding = 4; lastKnownFileType = sourcecode.swift; path = PreviewAudioController.swift; sourceTree = "<group>"; };
		780E5EFF22AA588F00B7AFF5 /* FunctionView.swift */ = {isa = PBXFileReference; lastKnownFileType = sourcecode.swift; path = FunctionView.swift; sourceTree = "<group>"; };
		784507D722A8DF3F009913D1 /* Helper.swift */ = {isa = PBXFileReference; lastKnownFileType = sourcecode.swift; path = Helper.swift; sourceTree = "<group>"; };
		784507D922A8E288009913D1 /* ListDetailViewController.swift */ = {isa = PBXFileReference; lastKnownFileType = sourcecode.swift; path = ListDetailViewController.swift; sourceTree = "<group>"; };
		784507DB22A8E2FD009913D1 /* Extensions.swift */ = {isa = PBXFileReference; lastKnownFileType = sourcecode.swift; path = Extensions.swift; sourceTree = "<group>"; };
		784507E322A8EBAB009913D1 /* SCSiriWaveformView.h */ = {isa = PBXFileReference; fileEncoding = 4; lastKnownFileType = sourcecode.c.h; path = SCSiriWaveformView.h; sourceTree = "<group>"; };
		784507E422A8EBAB009913D1 /* SCSiriWaveformView.m */ = {isa = PBXFileReference; fileEncoding = 4; lastKnownFileType = sourcecode.c.objc; path = SCSiriWaveformView.m; sourceTree = "<group>"; };
		7849C54522B677F30097F147 /* LoadPreviewAttachmentOpeartion.swift */ = {isa = PBXFileReference; lastKnownFileType = sourcecode.swift; path = LoadPreviewAttachmentOpeartion.swift; sourceTree = "<group>"; };
		784FBA6322A8B71500F1818C /* ListTableCell.swift */ = {isa = PBXFileReference; lastKnownFileType = sourcecode.swift; path = ListTableCell.swift; sourceTree = "<group>"; };
		786B3FFE22C4EFFE0020A5E3 /* HomeCellTitleView.swift */ = {isa = PBXFileReference; lastKnownFileType = sourcecode.swift; path = HomeCellTitleView.swift; sourceTree = "<group>"; };
		786B400C22C711620020A5E3 /* HomeCell.swift */ = {isa = PBXFileReference; lastKnownFileType = sourcecode.swift; path = HomeCell.swift; sourceTree = "<group>"; };
		786B400E22C711A40020A5E3 /* HomeTodoCell.swift */ = {isa = PBXFileReference; fileEncoding = 4; lastKnownFileType = sourcecode.swift; path = HomeTodoCell.swift; sourceTree = "<group>"; };
		786B400F22C711A40020A5E3 /* HomeVoiceCell.swift */ = {isa = PBXFileReference; fileEncoding = 4; lastKnownFileType = sourcecode.swift; path = HomeVoiceCell.swift; sourceTree = "<group>"; };
		786B401022C711A40020A5E3 /* HomeAttachCell.swift */ = {isa = PBXFileReference; fileEncoding = 4; lastKnownFileType = sourcecode.swift; path = HomeAttachCell.swift; sourceTree = "<group>"; };
		786B401422C711F30020A5E3 /* TodoModel.swift */ = {isa = PBXFileReference; fileEncoding = 4; lastKnownFileType = sourcecode.swift; path = TodoModel.swift; sourceTree = "<group>"; };
		786B401522C711F30020A5E3 /* AttachModel.swift */ = {isa = PBXFileReference; fileEncoding = 4; lastKnownFileType = sourcecode.swift; path = AttachModel.swift; sourceTree = "<group>"; };
		786B401622C711F30020A5E3 /* MemoModel.swift */ = {isa = PBXFileReference; fileEncoding = 4; lastKnownFileType = sourcecode.swift; path = MemoModel.swift; sourceTree = "<group>"; };
		786B401722C711F30020A5E3 /* VoiceModel.swift */ = {isa = PBXFileReference; fileEncoding = 4; lastKnownFileType = sourcecode.swift; path = VoiceModel.swift; sourceTree = "<group>"; };
		786B401C22C7AA0A0020A5E3 /* StatusView.swift */ = {isa = PBXFileReference; lastKnownFileType = sourcecode.swift; path = StatusView.swift; sourceTree = "<group>"; };
		786B401E22C8D31C0020A5E3 /* MKCircleProgress.swift */ = {isa = PBXFileReference; lastKnownFileType = sourcecode.swift; path = MKCircleProgress.swift; sourceTree = "<group>"; };
		7887162922AA9843008BE38A /* MemoIt-Bridging-Header.h */ = {isa = PBXFileReference; fileEncoding = 4; lastKnownFileType = sourcecode.c.h; path = "MemoIt-Bridging-Header.h"; sourceTree = "<group>"; };
		7887162C22AD443A008BE38A /* CalendarHelper.swift */ = {isa = PBXFileReference; fileEncoding = 4; lastKnownFileType = sourcecode.swift; path = CalendarHelper.swift; sourceTree = "<group>"; };
		7887162E22AD445A008BE38A /* UIHelper.swift */ = {isa = PBXFileReference; fileEncoding = 4; lastKnownFileType = sourcecode.swift; path = UIHelper.swift; sourceTree = "<group>"; };
		7887162F22AD445B008BE38A /* Padding.swift */ = {isa = PBXFileReference; fileEncoding = 4; lastKnownFileType = sourcecode.swift; path = Padding.swift; sourceTree = "<group>"; };
		7887163222AE5BEC008BE38A /* MemoViewModel.swift */ = {isa = PBXFileReference; lastKnownFileType = sourcecode.swift; path = MemoViewModel.swift; sourceTree = "<group>"; };
		78A7C1EA22A3AA6100ADBFBA /* HeaderView.swift */ = {isa = PBXFileReference; lastKnownFileType = sourcecode.swift; path = HeaderView.swift; sourceTree = "<group>"; };
		78A980D822A803ED000E0247 /* ListMemo+CoreDataProperties.swift */ = {isa = PBXFileReference; lastKnownFileType = sourcecode.swift; path = "ListMemo+CoreDataProperties.swift"; sourceTree = "<group>"; };
		78A980D922A803ED000E0247 /* ListIem+CoreDataClass.swift */ = {isa = PBXFileReference; lastKnownFileType = sourcecode.swift; path = "ListIem+CoreDataClass.swift"; sourceTree = "<group>"; };
		78A980DA22A803ED000E0247 /* ListIem+CoreDataProperties.swift */ = {isa = PBXFileReference; lastKnownFileType = sourcecode.swift; path = "ListIem+CoreDataProperties.swift"; sourceTree = "<group>"; };
		78A980DB22A803EE000E0247 /* AttachmentMemo+CoreDataProperties.swift */ = {isa = PBXFileReference; lastKnownFileType = sourcecode.swift; path = "AttachmentMemo+CoreDataProperties.swift"; sourceTree = "<group>"; };
		78A980DC22A803EE000E0247 /* MemoLabel+CoreDataProperties.swift */ = {isa = PBXFileReference; lastKnownFileType = sourcecode.swift; path = "MemoLabel+CoreDataProperties.swift"; sourceTree = "<group>"; };
		78A980DD22A803EE000E0247 /* VoiceMemo+CoreDataClass.swift */ = {isa = PBXFileReference; lastKnownFileType = sourcecode.swift; path = "VoiceMemo+CoreDataClass.swift"; sourceTree = "<group>"; };
		78A980DE22A803EE000E0247 /* Category+CoreDataClass.swift */ = {isa = PBXFileReference; lastKnownFileType = sourcecode.swift; path = "Category+CoreDataClass.swift"; sourceTree = "<group>"; };
		78A980DF22A803EE000E0247 /* MemoLabel+CoreDataClass.swift */ = {isa = PBXFileReference; lastKnownFileType = sourcecode.swift; path = "MemoLabel+CoreDataClass.swift"; sourceTree = "<group>"; };
		78A980E022A803EE000E0247 /* ListMemo+CoreDataClass.swift */ = {isa = PBXFileReference; lastKnownFileType = sourcecode.swift; path = "ListMemo+CoreDataClass.swift"; sourceTree = "<group>"; };
		78A980E122A803EE000E0247 /* Memo+CoreDataProperties.swift */ = {isa = PBXFileReference; lastKnownFileType = sourcecode.swift; path = "Memo+CoreDataProperties.swift"; sourceTree = "<group>"; };
		78A980E322A803EE000E0247 /* MemoIt.xcdatamodel */ = {isa = PBXFileReference; lastKnownFileType = wrapper.xcdatamodel; path = MemoIt.xcdatamodel; sourceTree = "<group>"; };
		78A980E422A803EE000E0247 /* Category+CoreDataProperties.swift */ = {isa = PBXFileReference; lastKnownFileType = sourcecode.swift; path = "Category+CoreDataProperties.swift"; sourceTree = "<group>"; };
		78A980E522A803EE000E0247 /* VoiceMemo+CoreDataProperties.swift */ = {isa = PBXFileReference; lastKnownFileType = sourcecode.swift; path = "VoiceMemo+CoreDataProperties.swift"; sourceTree = "<group>"; };
		78A980E622A803EE000E0247 /* AttachmentMemo+CoreDataClass.swift */ = {isa = PBXFileReference; lastKnownFileType = sourcecode.swift; path = "AttachmentMemo+CoreDataClass.swift"; sourceTree = "<group>"; };
		78A980E722A803EE000E0247 /* Memo+CoreDataClass.swift */ = {isa = PBXFileReference; lastKnownFileType = sourcecode.swift; path = "Memo+CoreDataClass.swift"; sourceTree = "<group>"; };
		78A980F922A804AA000E0247 /* Attachment+CoreDataClass.swift */ = {isa = PBXFileReference; lastKnownFileType = sourcecode.swift; path = "Attachment+CoreDataClass.swift"; sourceTree = "<group>"; };
		78A980FA22A804AA000E0247 /* Attachment+CoreDataProperties.swift */ = {isa = PBXFileReference; lastKnownFileType = sourcecode.swift; path = "Attachment+CoreDataProperties.swift"; sourceTree = "<group>"; };
		78A980FD22A80507000E0247 /* MemoViewController.swift */ = {isa = PBXFileReference; lastKnownFileType = sourcecode.swift; path = MemoViewController.swift; sourceTree = "<group>"; };
		78A980FF22A8050E000E0247 /* ListViewController.swift */ = {isa = PBXFileReference; lastKnownFileType = sourcecode.swift; path = ListViewController.swift; sourceTree = "<group>"; };
		78A9810122A80515000E0247 /* VoiceViewController.swift */ = {isa = PBXFileReference; lastKnownFileType = sourcecode.swift; path = VoiceViewController.swift; sourceTree = "<group>"; };
		78ADC94322AEAF67004295F8 /* LoadMemoOperation.swift */ = {isa = PBXFileReference; lastKnownFileType = sourcecode.swift; path = LoadMemoOperation.swift; sourceTree = "<group>"; };
/* End PBXFileReference section */

/* Begin PBXFrameworksBuildPhase section */
		2F20B39E22A3947000054053 /* Frameworks */ = {
			isa = PBXFrameworksBuildPhase;
			buildActionMask = 2147483647;
			files = (
			);
			runOnlyForDeploymentPostprocessing = 0;
		};
/* End PBXFrameworksBuildPhase section */

/* Begin PBXGroup section */
		2F20B39822A3947000054053 = {
			isa = PBXGroup;
			children = (
				2F20B3A322A3947000054053 /* MemoIt */,
				2F20B3A222A3947000054053 /* Products */,
			);
			sourceTree = "<group>";
		};
		2F20B3A222A3947000054053 /* Products */ = {
			isa = PBXGroup;
			children = (
				2F20B3A122A3947000054053 /* MemoIt.app */,
			);
			name = Products;
			sourceTree = "<group>";
		};
		2F20B3A322A3947000054053 /* MemoIt */ = {
			isa = PBXGroup;
			children = (
				2F20B3A422A3947000054053 /* AppDelegate.swift */,
				78A980F722A803FB000E0247 /* CoreData */,
				780E5EFC22AA549D00B7AFF5 /* Home */,
				780E5EFB22AA549200B7AFF5 /* AttachmentMemo */,
				784FBA6522A8B71900F1818C /* ListMemo */,
				784507DD22A8E432009913D1 /* VoiceMemo */,
				784507E622A8EBB0009913D1 /* WaveView */,
				780E5EFA22A9523900B7AFF5 /* ImageViewer */,
				784FBA6822A8DEE600F1818C /* Helpers */,
				78A7C20E22A3F47D00ADBFBA /* Supporting Files */,
				7887162922AA9843008BE38A /* MemoIt-Bridging-Header.h */,
			);
			path = MemoIt;
			sourceTree = "<group>";
		};
		780E5EFA22A9523900B7AFF5 /* ImageViewer */ = {
			isa = PBXGroup;
			children = (
				780E5EF522A9523300B7AFF5 /* PreviewAudioController.swift */,
				780E5EF322A9523200B7AFF5 /* PreviewImageController.swift */,
				780E5EF422A9523300B7AFF5 /* PreviewItemController.swift */,
				780E5EF222A9523200B7AFF5 /* PreviewPageViewController.swift */,
			);
			path = ImageViewer;
			sourceTree = "<group>";
		};
		780E5EFB22AA549200B7AFF5 /* AttachmentMemo */ = {
			isa = PBXGroup;
			children = (
				78A980FD22A80507000E0247 /* MemoViewController.swift */,
				7849C54522B677F30097F147 /* LoadPreviewAttachmentOpeartion.swift */,
			);
			path = AttachmentMemo;
			sourceTree = "<group>";
		};
		780E5EFC22AA549D00B7AFF5 /* Home */ = {
			isa = PBXGroup;
			children = (
				2F20B3B922A39F5000054053 /* HomeViewController.swift */,
				78A7C1EA22A3AA6100ADBFBA /* HeaderView.swift */,
				780E5EFF22AA588F00B7AFF5 /* FunctionView.swift */,
				7887163222AE5BEC008BE38A /* MemoViewModel.swift */,
				78ADC94322AEAF67004295F8 /* LoadMemoOperation.swift */,
				78ADC94222AEACBC004295F8 /* HomeTableCell */,
				7887163A22AE7FB6008BE38A /* PreviewModels */,
			);
			path = Home;
			sourceTree = "<group>";
		};
		784507DD22A8E432009913D1 /* VoiceMemo */ = {
			isa = PBXGroup;
			children = (
				78A9810122A80515000E0247 /* VoiceViewController.swift */,
			);
			path = VoiceMemo;
			sourceTree = "<group>";
		};
		784507E622A8EBB0009913D1 /* WaveView */ = {
			isa = PBXGroup;
			children = (
				784507E322A8EBAB009913D1 /* SCSiriWaveformView.h */,
				784507E422A8EBAB009913D1 /* SCSiriWaveformView.m */,
			);
			path = WaveView;
			sourceTree = "<group>";
		};
		784FBA6522A8B71900F1818C /* ListMemo */ = {
			isa = PBXGroup;
			children = (
				78A980FF22A8050E000E0247 /* ListViewController.swift */,
				786B401C22C7AA0A0020A5E3 /* StatusView.swift */,
				784FBA6322A8B71500F1818C /* ListTableCell.swift */,
				784507D922A8E288009913D1 /* ListDetailViewController.swift */,
			);
			path = ListMemo;
			sourceTree = "<group>";
		};
		784FBA6822A8DEE600F1818C /* Helpers */ = {
			isa = PBXGroup;
			children = (
				7887162F22AD445B008BE38A /* Padding.swift */,
				7887162E22AD445A008BE38A /* UIHelper.swift */,
				7887162C22AD443A008BE38A /* CalendarHelper.swift */,
				784507D722A8DF3F009913D1 /* Helper.swift */,
			);
			path = Helpers;
			sourceTree = "<group>";
		};
		7887163A22AE7FB6008BE38A /* PreviewModels */ = {
			isa = PBXGroup;
			children = (
				786B401522C711F30020A5E3 /* AttachModel.swift */,
				786B401622C711F30020A5E3 /* MemoModel.swift */,
				786B401422C711F30020A5E3 /* TodoModel.swift */,
				786B401722C711F30020A5E3 /* VoiceModel.swift */,
			);
			path = PreviewModels;
			sourceTree = "<group>";
		};
		78A7C20E22A3F47D00ADBFBA /* Supporting Files */ = {
			isa = PBXGroup;
			children = (
				2F20B3B022A3947300054053 /* LaunchScreen.storyboard */,
				2F20B3B322A3947300054053 /* Info.plist */,
				2F20B3AE22A3947300054053 /* Assets.xcassets */,
				2FBF6C2A22CB928F0049AF99 /* MKAudioPlayer.swift */,
				780983EC22BA88EA00A8E851 /* MKButton.swift */,
				780983EF22BA891500A8E851 /* PaddingLabel.swift */,
				780983EB22BA88EA00A8E851 /* BadgeButton.swift */,
				784507DB22A8E2FD009913D1 /* Extensions.swift */,
				786B401E22C8D31C0020A5E3 /* MKCircleProgress.swift */,
			);
			path = "Supporting Files";
			sourceTree = "<group>";
		};
		78A980F722A803FB000E0247 /* CoreData */ = {
			isa = PBXGroup;
			children = (
				78A980E222A803EE000E0247 /* MemoIt.xcdatamodeld */,
				78A980F922A804AA000E0247 /* Attachment+CoreDataClass.swift */,
				78A980FA22A804AA000E0247 /* Attachment+CoreDataProperties.swift */,
				78A980E622A803EE000E0247 /* AttachmentMemo+CoreDataClass.swift */,
				78A980DB22A803EE000E0247 /* AttachmentMemo+CoreDataProperties.swift */,
				78A980DE22A803EE000E0247 /* Category+CoreDataClass.swift */,
				78A980E422A803EE000E0247 /* Category+CoreDataProperties.swift */,
				78A980D922A803ED000E0247 /* ListIem+CoreDataClass.swift */,
				78A980DA22A803ED000E0247 /* ListIem+CoreDataProperties.swift */,
				78A980E022A803EE000E0247 /* ListMemo+CoreDataClass.swift */,
				78A980D822A803ED000E0247 /* ListMemo+CoreDataProperties.swift */,
				78A980E722A803EE000E0247 /* Memo+CoreDataClass.swift */,
				78A980E122A803EE000E0247 /* Memo+CoreDataProperties.swift */,
				78A980DF22A803EE000E0247 /* MemoLabel+CoreDataClass.swift */,
				78A980DC22A803EE000E0247 /* MemoLabel+CoreDataProperties.swift */,
				78A980DD22A803EE000E0247 /* VoiceMemo+CoreDataClass.swift */,
				78A980E522A803EE000E0247 /* VoiceMemo+CoreDataProperties.swift */,
			);
			path = CoreData;
			sourceTree = "<group>";
		};
		78ADC94222AEACBC004295F8 /* HomeTableCell */ = {
			isa = PBXGroup;
			children = (
				786B401022C711A40020A5E3 /* HomeAttachCell.swift */,
				786B400E22C711A40020A5E3 /* HomeTodoCell.swift */,
				786B400F22C711A40020A5E3 /* HomeVoiceCell.swift */,
				786B400C22C711620020A5E3 /* HomeCell.swift */,
				786B3FFE22C4EFFE0020A5E3 /* HomeCellTitleView.swift */,
			);
			path = HomeTableCell;
			sourceTree = "<group>";
		};
/* End PBXGroup section */

/* Begin PBXNativeTarget section */
		2F20B3A022A3947000054053 /* MemoIt */ = {
			isa = PBXNativeTarget;
			buildConfigurationList = 2F20B3B622A3947300054053 /* Build configuration list for PBXNativeTarget "MemoIt" */;
			buildPhases = (
				2F20B39D22A3947000054053 /* Sources */,
				2F20B39E22A3947000054053 /* Frameworks */,
				2F20B39F22A3947000054053 /* Resources */,
			);
			buildRules = (
			);
			dependencies = (
			);
			name = MemoIt;
			productName = MemoIt;
			productReference = 2F20B3A122A3947000054053 /* MemoIt.app */;
			productType = "com.apple.product-type.application";
		};
/* End PBXNativeTarget section */

/* Begin PBXProject section */
		2F20B39922A3947000054053 /* Project object */ = {
			isa = PBXProject;
			attributes = {
				LastSwiftUpdateCheck = 1020;
				LastUpgradeCheck = 1020;
				ORGANIZATIONNAME = MC2;
				TargetAttributes = {
					2F20B3A022A3947000054053 = {
						CreatedOnToolsVersion = 10.2;
						LastSwiftMigration = 1020;
					};
				};
			};
			buildConfigurationList = 2F20B39C22A3947000054053 /* Build configuration list for PBXProject "MemoIt" */;
			compatibilityVersion = "Xcode 9.3";
			developmentRegion = en;
			hasScannedForEncodings = 0;
			knownRegions = (
				en,
				Base,
			);
			mainGroup = 2F20B39822A3947000054053;
			productRefGroup = 2F20B3A222A3947000054053 /* Products */;
			projectDirPath = "";
			projectRoot = "";
			targets = (
				2F20B3A022A3947000054053 /* MemoIt */,
			);
		};
/* End PBXProject section */

/* Begin PBXResourcesBuildPhase section */
		2F20B39F22A3947000054053 /* Resources */ = {
			isa = PBXResourcesBuildPhase;
			buildActionMask = 2147483647;
			files = (
				2F20B3B222A3947300054053 /* LaunchScreen.storyboard in Resources */,
				2F20B3AF22A3947300054053 /* Assets.xcassets in Resources */,
			);
			runOnlyForDeploymentPostprocessing = 0;
		};
/* End PBXResourcesBuildPhase section */

/* Begin PBXSourcesBuildPhase section */
		2F20B39D22A3947000054053 /* Sources */ = {
			isa = PBXSourcesBuildPhase;
			buildActionMask = 2147483647;
			files = (
				786B401122C711A40020A5E3 /* HomeTodoCell.swift in Sources */,
				78A980E822A803EF000E0247 /* AttachmentMemo+CoreDataProperties.swift in Sources */,
				786B401F22C8D31C0020A5E3 /* MKCircleProgress.swift in Sources */,
				786B401A22C711F30020A5E3 /* MemoModel.swift in Sources */,
				78A980EC22A803EF000E0247 /* Memo+CoreDataProperties.swift in Sources */,
				78A980F322A803EF000E0247 /* ListIem+CoreDataProperties.swift in Sources */,
				78A980F822A8044A000E0247 /* MemoIt.xcdatamodeld in Sources */,
				786B401822C711F30020A5E3 /* TodoModel.swift in Sources */,
				78A980F622A803EF000E0247 /* Memo+CoreDataClass.swift in Sources */,
				780E5EF722A9523300B7AFF5 /* PreviewImageController.swift in Sources */,
				786B400D22C711620020A5E3 /* HomeCell.swift in Sources */,
				784507D822A8DF3F009913D1 /* Helper.swift in Sources */,
				7887162D22AD443A008BE38A /* CalendarHelper.swift in Sources */,
				78A980F022A803EF000E0247 /* MemoLabel+CoreDataClass.swift in Sources */,
				784507DC22A8E2FD009913D1 /* Extensions.swift in Sources */,
				786B401B22C711F30020A5E3 /* VoiceModel.swift in Sources */,
				78A980EA22A803EF000E0247 /* ListMemo+CoreDataProperties.swift in Sources */,
				78A980E922A803EF000E0247 /* AttachmentMemo+CoreDataClass.swift in Sources */,
				784507E522A8EBAB009913D1 /* SCSiriWaveformView.m in Sources */,
				2F20B3A522A3947000054053 /* AppDelegate.swift in Sources */,
				78A980F222A803EF000E0247 /* VoiceMemo+CoreDataClass.swift in Sources */,
				78ADC94422AEAF67004295F8 /* LoadMemoOperation.swift in Sources */,
				7887163022AD445B008BE38A /* UIHelper.swift in Sources */,
				786B401222C711A40020A5E3 /* HomeVoiceCell.swift in Sources */,
				786B401322C711A40020A5E3 /* HomeAttachCell.swift in Sources */,
				7849C54622B677F30097F147 /* LoadPreviewAttachmentOpeartion.swift in Sources */,
				78A980FC22A804AA000E0247 /* Attachment+CoreDataProperties.swift in Sources */,
				784FBA6422A8B71500F1818C /* ListTableCell.swift in Sources */,
				78A980FE22A80507000E0247 /* MemoViewController.swift in Sources */,
				780E5F0022AA588F00B7AFF5 /* FunctionView.swift in Sources */,
				786B401D22C7AA0A0020A5E3 /* StatusView.swift in Sources */,
				784507DA22A8E288009913D1 /* ListDetailViewController.swift in Sources */,
				78A980F522A803EF000E0247 /* Category+CoreDataProperties.swift in Sources */,
				780983ED22BA88EA00A8E851 /* BadgeButton.swift in Sources */,
				786B401922C711F30020A5E3 /* AttachModel.swift in Sources */,
				78A980EB22A803EF000E0247 /* VoiceMemo+CoreDataProperties.swift in Sources */,
				78A980F422A803EF000E0247 /* Category+CoreDataClass.swift in Sources */,
				2F20B3BA22A39F5100054053 /* HomeViewController.swift in Sources */,
				780E5EF822A9523300B7AFF5 /* PreviewItemController.swift in Sources */,
				78A9810022A8050E000E0247 /* ListViewController.swift in Sources */,
				780E5EF622A9523300B7AFF5 /* PreviewPageViewController.swift in Sources */,
				780983F022BA891500A8E851 /* PaddingLabel.swift in Sources */,
				78A7C1EB22A3AA6100ADBFBA /* HeaderView.swift in Sources */,
				78A980EF22A803EF000E0247 /* ListMemo+CoreDataClass.swift in Sources */,
				7887163322AE5BEC008BE38A /* MemoViewModel.swift in Sources */,
				7887163122AD445B008BE38A /* Padding.swift in Sources */,
				780983EE22BA88EA00A8E851 /* MKButton.swift in Sources */,
				78A980EE22A803EF000E0247 /* ListIem+CoreDataClass.swift in Sources */,
				78A980F122A803EF000E0247 /* MemoLabel+CoreDataProperties.swift in Sources */,
				786B3FFF22C4EFFE0020A5E3 /* HomeCellTitleView.swift in Sources */,
				78A9810222A80515000E0247 /* VoiceViewController.swift in Sources */,
				2FBF6C2B22CB928F0049AF99 /* MKAudioPlayer.swift in Sources */,
				780E5EF922A9523300B7AFF5 /* PreviewAudioController.swift in Sources */,
				78A980FB22A804AA000E0247 /* Attachment+CoreDataClass.swift in Sources */,
			);
			runOnlyForDeploymentPostprocessing = 0;
		};
/* End PBXSourcesBuildPhase section */

/* Begin PBXVariantGroup section */
		2F20B3B022A3947300054053 /* LaunchScreen.storyboard */ = {
			isa = PBXVariantGroup;
			children = (
				2F20B3B122A3947300054053 /* Base */,
			);
			name = LaunchScreen.storyboard;
			sourceTree = "<group>";
		};
/* End PBXVariantGroup section */

/* Begin XCBuildConfiguration section */
		2F20B3B422A3947300054053 /* Debug */ = {
			isa = XCBuildConfiguration;
			buildSettings = {
				ALWAYS_SEARCH_USER_PATHS = NO;
				CLANG_ANALYZER_NONNULL = YES;
				CLANG_ANALYZER_NUMBER_OBJECT_CONVERSION = YES_AGGRESSIVE;
				CLANG_CXX_LANGUAGE_STANDARD = "gnu++14";
				CLANG_CXX_LIBRARY = "libc++";
				CLANG_ENABLE_MODULES = YES;
				CLANG_ENABLE_OBJC_ARC = YES;
				CLANG_ENABLE_OBJC_WEAK = YES;
				CLANG_WARN_BLOCK_CAPTURE_AUTORELEASING = YES;
				CLANG_WARN_BOOL_CONVERSION = YES;
				CLANG_WARN_COMMA = YES;
				CLANG_WARN_CONSTANT_CONVERSION = YES;
				CLANG_WARN_DEPRECATED_OBJC_IMPLEMENTATIONS = YES;
				CLANG_WARN_DIRECT_OBJC_ISA_USAGE = YES_ERROR;
				CLANG_WARN_DOCUMENTATION_COMMENTS = YES;
				CLANG_WARN_EMPTY_BODY = YES;
				CLANG_WARN_ENUM_CONVERSION = YES;
				CLANG_WARN_INFINITE_RECURSION = YES;
				CLANG_WARN_INT_CONVERSION = YES;
				CLANG_WARN_NON_LITERAL_NULL_CONVERSION = YES;
				CLANG_WARN_OBJC_IMPLICIT_RETAIN_SELF = YES;
				CLANG_WARN_OBJC_LITERAL_CONVERSION = YES;
				CLANG_WARN_OBJC_ROOT_CLASS = YES_ERROR;
				CLANG_WARN_RANGE_LOOP_ANALYSIS = YES;
				CLANG_WARN_STRICT_PROTOTYPES = YES;
				CLANG_WARN_SUSPICIOUS_MOVE = YES;
				CLANG_WARN_UNGUARDED_AVAILABILITY = YES_AGGRESSIVE;
				CLANG_WARN_UNREACHABLE_CODE = YES;
				CLANG_WARN__DUPLICATE_METHOD_MATCH = YES;
				CODE_SIGN_IDENTITY = "iPhone Developer";
				COPY_PHASE_STRIP = NO;
				DEBUG_INFORMATION_FORMAT = dwarf;
				ENABLE_STRICT_OBJC_MSGSEND = YES;
				ENABLE_TESTABILITY = YES;
				GCC_C_LANGUAGE_STANDARD = gnu11;
				GCC_DYNAMIC_NO_PIC = NO;
				GCC_NO_COMMON_BLOCKS = YES;
				GCC_OPTIMIZATION_LEVEL = 0;
				GCC_PREPROCESSOR_DEFINITIONS = (
					"DEBUG=1",
					"$(inherited)",
				);
				GCC_WARN_64_TO_32_BIT_CONVERSION = YES;
				GCC_WARN_ABOUT_RETURN_TYPE = YES_ERROR;
				GCC_WARN_UNDECLARED_SELECTOR = YES;
				GCC_WARN_UNINITIALIZED_AUTOS = YES_AGGRESSIVE;
				GCC_WARN_UNUSED_FUNCTION = YES;
				GCC_WARN_UNUSED_VARIABLE = YES;
				IPHONEOS_DEPLOYMENT_TARGET = 12.2;
				MTL_ENABLE_DEBUG_INFO = INCLUDE_SOURCE;
				MTL_FAST_MATH = YES;
				ONLY_ACTIVE_ARCH = YES;
				SDKROOT = iphoneos;
				SWIFT_ACTIVE_COMPILATION_CONDITIONS = DEBUG;
				SWIFT_OPTIMIZATION_LEVEL = "-Onone";
			};
			name = Debug;
		};
		2F20B3B522A3947300054053 /* Release */ = {
			isa = XCBuildConfiguration;
			buildSettings = {
				ALWAYS_SEARCH_USER_PATHS = NO;
				CLANG_ANALYZER_NONNULL = YES;
				CLANG_ANALYZER_NUMBER_OBJECT_CONVERSION = YES_AGGRESSIVE;
				CLANG_CXX_LANGUAGE_STANDARD = "gnu++14";
				CLANG_CXX_LIBRARY = "libc++";
				CLANG_ENABLE_MODULES = YES;
				CLANG_ENABLE_OBJC_ARC = YES;
				CLANG_ENABLE_OBJC_WEAK = YES;
				CLANG_WARN_BLOCK_CAPTURE_AUTORELEASING = YES;
				CLANG_WARN_BOOL_CONVERSION = YES;
				CLANG_WARN_COMMA = YES;
				CLANG_WARN_CONSTANT_CONVERSION = YES;
				CLANG_WARN_DEPRECATED_OBJC_IMPLEMENTATIONS = YES;
				CLANG_WARN_DIRECT_OBJC_ISA_USAGE = YES_ERROR;
				CLANG_WARN_DOCUMENTATION_COMMENTS = YES;
				CLANG_WARN_EMPTY_BODY = YES;
				CLANG_WARN_ENUM_CONVERSION = YES;
				CLANG_WARN_INFINITE_RECURSION = YES;
				CLANG_WARN_INT_CONVERSION = YES;
				CLANG_WARN_NON_LITERAL_NULL_CONVERSION = YES;
				CLANG_WARN_OBJC_IMPLICIT_RETAIN_SELF = YES;
				CLANG_WARN_OBJC_LITERAL_CONVERSION = YES;
				CLANG_WARN_OBJC_ROOT_CLASS = YES_ERROR;
				CLANG_WARN_RANGE_LOOP_ANALYSIS = YES;
				CLANG_WARN_STRICT_PROTOTYPES = YES;
				CLANG_WARN_SUSPICIOUS_MOVE = YES;
				CLANG_WARN_UNGUARDED_AVAILABILITY = YES_AGGRESSIVE;
				CLANG_WARN_UNREACHABLE_CODE = YES;
				CLANG_WARN__DUPLICATE_METHOD_MATCH = YES;
				CODE_SIGN_IDENTITY = "iPhone Developer";
				COPY_PHASE_STRIP = NO;
				DEBUG_INFORMATION_FORMAT = "dwarf-with-dsym";
				ENABLE_NS_ASSERTIONS = NO;
				ENABLE_STRICT_OBJC_MSGSEND = YES;
				GCC_C_LANGUAGE_STANDARD = gnu11;
				GCC_NO_COMMON_BLOCKS = YES;
				GCC_WARN_64_TO_32_BIT_CONVERSION = YES;
				GCC_WARN_ABOUT_RETURN_TYPE = YES_ERROR;
				GCC_WARN_UNDECLARED_SELECTOR = YES;
				GCC_WARN_UNINITIALIZED_AUTOS = YES_AGGRESSIVE;
				GCC_WARN_UNUSED_FUNCTION = YES;
				GCC_WARN_UNUSED_VARIABLE = YES;
				IPHONEOS_DEPLOYMENT_TARGET = 12.2;
				MTL_ENABLE_DEBUG_INFO = NO;
				MTL_FAST_MATH = YES;
				SDKROOT = iphoneos;
				SWIFT_COMPILATION_MODE = wholemodule;
				SWIFT_OPTIMIZATION_LEVEL = "-O";
				VALIDATE_PRODUCT = YES;
			};
			name = Release;
		};
		2F20B3B722A3947300054053 /* Debug */ = {
			isa = XCBuildConfiguration;
			buildSettings = {
				ASSETCATALOG_COMPILER_APPICON_NAME = AppIcon;
				CLANG_ENABLE_MODULES = YES;
				CODE_SIGN_STYLE = Automatic;
				DEVELOPMENT_TEAM = WYQ5F53YKQ;
				INFOPLIST_FILE = "$(SRCROOT)/MemoIt/Supporting Files/Info.plist";
				IPHONEOS_DEPLOYMENT_TARGET = 11.0;
				LD_RUNPATH_SEARCH_PATHS = (
					"$(inherited)",
					"@executable_path/Frameworks",
				);
				PRODUCT_BUNDLE_IDENTIFIER = mmk.MemoIt;
				PRODUCT_NAME = "$(TARGET_NAME)";
				SWIFT_OBJC_BRIDGING_HEADER = "MemoIt/MemoIt-Bridging-Header.h";
				SWIFT_OPTIMIZATION_LEVEL = "-Onone";
				SWIFT_VERSION = 5.0;
				TARGETED_DEVICE_FAMILY = 1;
			};
			name = Debug;
		};
		2F20B3B822A3947300054053 /* Release */ = {
			isa = XCBuildConfiguration;
			buildSettings = {
				ASSETCATALOG_COMPILER_APPICON_NAME = AppIcon;
				CLANG_ENABLE_MODULES = YES;
				CODE_SIGN_STYLE = Automatic;
				DEVELOPMENT_TEAM = WYQ5F53YKQ;
				INFOPLIST_FILE = "$(SRCROOT)/MemoIt/Supporting Files/Info.plist";
				IPHONEOS_DEPLOYMENT_TARGET = 11.0;
				LD_RUNPATH_SEARCH_PATHS = (
					"$(inherited)",
					"@executable_path/Frameworks",
				);
				PRODUCT_BUNDLE_IDENTIFIER = mmk.MemoIt;
				PRODUCT_NAME = "$(TARGET_NAME)";
				SWIFT_OBJC_BRIDGING_HEADER = "MemoIt/MemoIt-Bridging-Header.h";
				SWIFT_VERSION = 5.0;
				TARGETED_DEVICE_FAMILY = 1;
			};
			name = Release;
		};
/* End XCBuildConfiguration section */

/* Begin XCConfigurationList section */
		2F20B39C22A3947000054053 /* Build configuration list for PBXProject "MemoIt" */ = {
			isa = XCConfigurationList;
			buildConfigurations = (
				2F20B3B422A3947300054053 /* Debug */,
				2F20B3B522A3947300054053 /* Release */,
			);
			defaultConfigurationIsVisible = 0;
			defaultConfigurationName = Release;
		};
		2F20B3B622A3947300054053 /* Build configuration list for PBXNativeTarget "MemoIt" */ = {
			isa = XCConfigurationList;
			buildConfigurations = (
				2F20B3B722A3947300054053 /* Debug */,
				2F20B3B822A3947300054053 /* Release */,
			);
			defaultConfigurationIsVisible = 0;
			defaultConfigurationName = Release;
		};
/* End XCConfigurationList section */

/* Begin XCVersionGroup section */
		78A980E222A803EE000E0247 /* MemoIt.xcdatamodeld */ = {
			isa = XCVersionGroup;
			children = (
				78A980E322A803EE000E0247 /* MemoIt.xcdatamodel */,
			);
			currentVersion = 78A980E322A803EE000E0247 /* MemoIt.xcdatamodel */;
			path = MemoIt.xcdatamodeld;
			sourceTree = "<group>";
			versionGroupType = wrapper.xcdatamodel;
		};
/* End XCVersionGroup section */
	};
	rootObject = 2F20B39922A3947000054053 /* Project object */;
}
